
Microsoft Visual Studio Solution File, Format Version 12.00
# Visual Studio Version 16
VisualStudioVersion = 16.0.29613.14
MinimumVisualStudioVersion = 10.0.40219.1
Project("{8BC9CEB8-8B4A-11D0-8D11-00A0C91BC942}") = "MomsCook", "MomsCook.vcxproj", "{7E9EE560-D751-4013-A353-39DC18BD60EE}"
EndProject
Global
	GlobalSection(SolutionConfigurationPlatforms) = preSolution
		Debug|x64 = Debug|x64
		Release|x64 = Release|x64
	EndGlobalSection
	GlobalSection(ProjectConfigurationPlatforms) = postSolution
		{7E9EE560-D751-4013-A353-39DC18BD60EE}.Debug|x64.ActiveCfg = Debug|x64
		{7E9EE560-D751-4013-A353-39DC18BD60EE}.Debug|x64.Build.0 = Debug|x64
		{7E9EE560-D751-4013-A353-39DC18BD60EE}.Release|x64.ActiveCfg = Release|x64
		{7E9EE560-D751-4013-A353-39DC18BD60EE}.Release|x64.Build.0 = Release|x64
	EndGlobalSection
	GlobalSection(SolutionProperties) = preSolution
		HideSolutionNode = FALSE
	EndGlobalSection
	GlobalSection(ExtensibilityGlobals) = postSolution
		SolutionGuid = {1986E00A-5923-44C3-BD31-DAA6261F271B}
	EndGlobalSection
EndGlobal
